
Microsoft Visual Studio Solution File, Format Version 12.00
# Visual Studio Version 17
VisualStudioVersion = 17.0.31903.59
MinimumVisualStudioVersion = 10.0.40219.1
Project("{FAE04EC0-301F-11D3-BF4B-00C04F79EFBC}") = "01_PrimeiroProjeto", "1_PrimeiroProjeto\01_PrimeiroProjeto.csproj", "{3CD74398-B3CC-4283-BD37-1ACB12CE8D68}"
EndProject
Project("{FAE04EC0-301F-11D3-BF4B-00C04F79EFBC}") = "02_CriandoVariaveis", "02_CriandoVariaveis\02_CriandoVariaveis.csproj", "{E7AAE61A-3F25-4B2C-A3BA-DDAD094DD80A}"
EndProject
Project("{FAE04EC0-301F-11D3-BF4B-00C04F79EFBC}") = "03_CriandoVariaveisPontoFlutuante", "03_CriandoVariaveisPontoFlutuante\03_CriandoVariaveisPontoFlutuante.csproj", "{196CBFC7-6CDE-4AE6-A114-62EEAD6F69AE}"
EndProject
Project("{FAE04EC0-301F-11D3-BF4B-00C04F79EFBC}") = "04_ConversoesEOutrosTiposNumericos", "04_ConversoesEOutrosTiposNumericos\04_ConversoesEOutrosTiposNumericos.csproj", "{C7B862B2-EFD7-4BE5-9FE8-99E82E40982D}"
EndProject
Project("{FAE04EC0-301F-11D3-BF4B-00C04F79EFBC}") = "05_CaracteresETextos", "05_CaracteresETextos\05_CaracteresETextos.csproj", "{4074882D-28C0-40AE-B1ED-6948862B898D}"
EndProject
Project("{FAE04EC0-301F-11D3-BF4B-00C04F79EFBC}") = "06_AtribuicoesDeVariaveis", "06_AtribuicoesDeVariaveis\06_AtribuicoesDeVariaveis.csproj", "{E3C6BC53-5718-42CF-903E-091ECAAED608}"
EndProject
Project("{FAE04EC0-301F-11D3-BF4B-00C04F79EFBC}") = "07_Condicionais", "07_Condicionais\07_Condicionais.csproj", "{963A7F36-EE6D-45CD-8498-7B57829CEE62}"
EndProject
Project("{FAE04EC0-301F-11D3-BF4B-00C04F79EFBC}") = "08_Condicionais2", "08_Condicionais2\08_Condicionais2.csproj", "{B7AE4A67-571C-4988-A35C-53A10E3CE13A}"
EndProject
Project("{FAE04EC0-301F-11D3-BF4B-00C04F79EFBC}") = "09_Escopo", "09_Escopo\09_Escopo.csproj", "{4EC407D9-F51E-4336-8D62-82795BF20A6B}"
EndProject
Project("{FAE04EC0-301F-11D3-BF4B-00C04F79EFBC}") = "10_CalculaPoupanca", "10_CalculaPoupanca\10_CalculaPoupanca.csproj", "{724F3030-B429-4945-A2C5-BCC11BC8B7C8}"
EndProject
Project("{FAE04EC0-301F-11D3-BF4B-00C04F79EFBC}") = "11_CalculaPoupanca", "11_CalculaPoupanca\11_CalculaPoupanca.csproj", "{ADC2AE88-D9F9-4E49-9E94-7666E2C8726C}"
EndProject
Project("{FAE04EC0-301F-11D3-BF4B-00C04F79EFBC}") = "12-CalculaInvestimentoLongoPrazo", "12-CalculaInvestimentoLongoPrazo\12-CalculaInvestimentoLongoPrazo.csproj", "{9235FEB7-25D6-431B-ABA5-260E737C0112}"
EndProject
Project("{FAE04EC0-301F-11D3-BF4B-00C04F79EFBC}") = "13_ForEncadeado", "13_ForEncadeado\13_ForEncadeado.csproj", "{18E78D40-C4C6-4795-A08B-194B58BF3830}"
EndProject
Project("{2150E333-8FDC-42A3-9474-1A3956D46DE8}") = "CSharp parte1 Primeiros passos", "CSharp parte1 Primeiros passos", "{4629BA7A-0E17-427E-8EA5-B86169DAAC25}"
EndProject
Project("{2150E333-8FDC-42A3-9474-1A3956D46DE8}") = "CSharp parte2 Introducao a POO", "CSharp parte2 Introducao a POO", "{B883FD22-E4CE-43C3-B457-D3F5DEC91A72}"
EndProject
Project("{FAE04EC0-301F-11D3-BF4B-00C04F79EFBC}") = "01_ByteBank", "01_ByteBank\01_ByteBank.csproj", "{6CE345E3-BC3D-4FAE-9122-7A06F354A0A0}"
EndProject
Project("{FAE04EC0-301F-11D3-BF4B-00C04F79EFBC}") = "02_ByteBank", "02_ByteBank\02_ByteBank.csproj", "{6B0FCF5E-5471-4536-AA27-33A87A878B36}"
EndProject
Project("{FAE04EC0-301F-11D3-BF4B-00C04F79EFBC}") = "03_ByteBank", "03_ByteBank\03_ByteBank.csproj", "{1754460F-906D-429A-ABE1-9496822385B2}"
EndProject
Project("{FAE04EC0-301F-11D3-BF4B-00C04F79EFBC}") = "04_ByteBank", "04_ByteBank\04_ByteBank.csproj", "{FE78FD5A-800B-4B56-A302-18B1A1EE002C}"
EndProject
Project("{FAE04EC0-301F-11D3-BF4B-00C04F79EFBC}") = "05_ByteBank", "05_ByteBank\05_ByteBank.csproj", "{BBA97B6C-174F-4B86-8567-0A13F68BAFF7}"
EndProject
Project("{FAE04EC0-301F-11D3-BF4B-00C04F79EFBC}") = "06_ByteBank", "06_ByteBank\06_ByteBank.csproj", "{63037F0F-2139-41E4-987D-6235270666FC}"
EndProject
Project("{FAE04EC0-301F-11D3-BF4B-00C04F79EFBC}") = "07_ByteBank", "07_ByteBank\07_ByteBank.csproj", "{80430CB7-CDD6-489F-8484-90D6DD48F7AC}"
EndProject
Project("{2150E333-8FDC-42A3-9474-1A3956D46DE8}") = "CSharp parte3 Entendendo herança e Interface", "CSharp parte3 Entendendo herança e Interface", "{AB315AB4-09FD-4058-977F-5076DA5936CD}"
EndProject
Project("{FAE04EC0-301F-11D3-BF4B-00C04F79EFBC}") = "ByteBank", "ByteBank\ByteBank.csproj", "{3C699883-DFD8-41E8-AE29-11145418D52F}"
EndProject
Project("{2150E333-8FDC-42A3-9474-1A3956D46DE8}") = "CSharp parte4 Entendendo Exceções", "CSharp parte4 Entendendo Exceções", "{C1AAA55F-7016-4CCD-9B11-6698682078EA}"
EndProject
Project("{FAE04EC0-301F-11D3-BF4B-00C04F79EFBC}") = "ByteBankExcecoes", "ByteBankExcecoes\ByteBankExcecoes.csproj", "{24689B79-6DAD-49EF-B6E3-18A3FE5E6F5C}"
EndProject
Project("{FAE04EC0-301F-11D3-BF4B-00C04F79EFBC}") = "ByteBankExcecao02", "ByteBankExcecao02\ByteBankExcecao02.csproj", "{DE758224-54E0-4817-A3C7-D3C4D5720411}"
EndProject
Project("{FAE04EC0-301F-11D3-BF4B-00C04F79EFBC}") = "ByteBankExcecao03", "ByteBankExcecoes03\ByteBankExcecao03.csproj", "{7F93BD69-2503-4AAE-87DA-4C187BAE6812}"
EndProject
Project("{FAE04EC0-301F-11D3-BF4B-00C04F79EFBC}") = "ByteBankExcecao04", "ByteBank04Excecao04\ByteBankExcecao04.csproj", "{1C3F798B-A014-4C7A-B0B0-CDC1A23FC4ED}"
EndProject
Project("{2150E333-8FDC-42A3-9474-1A3956D46DE8}") = "CSharp parte5 Bibliotecas DLLss,documentacao", "CSharp parte5 Bibliotecas DLLss,documentacao", "{2C7E8212-6CEC-42C2-9E07-323762CAB4C2}"
EndProject
Project("{FAE04EC0-301F-11D3-BF4B-00C04F79EFBC}") = "ByteBank.SistemaAgencia", "ByteBank.SistemaAgencia\ByteBank.SistemaAgencia.csproj", "{EF4FC49C-1189-4ADD-9891-1565CBCE8F8F}"
EndProject
Project("{FAE04EC0-301F-11D3-BF4B-00C04F79EFBC}") = "ByteBank.Modelos", "ByteBank.Modelos\ByteBank.Modelos.csproj", "{57E8DA29-F482-4DA0-9FDF-6E51D35E0153}"
EndProject
Project("{FAE04EC0-301F-11D3-BF4B-00C04F79EFBC}") = "ByteBank.SistemaInterno", "ByteBank.SistemaInterno\ByteBank.SistemaInterno.csproj", "{C23584A8-2A33-450A-8774-39E4012DB255}"
EndProject
Global
	GlobalSection(SolutionConfigurationPlatforms) = preSolution
		Debug|Any CPU = Debug|Any CPU
		Release|Any CPU = Release|Any CPU
	EndGlobalSection
	GlobalSection(ProjectConfigurationPlatforms) = postSolution
		{3CD74398-B3CC-4283-BD37-1ACB12CE8D68}.Debug|Any CPU.ActiveCfg = Debug|Any CPU
		{3CD74398-B3CC-4283-BD37-1ACB12CE8D68}.Debug|Any CPU.Build.0 = Debug|Any CPU
		{3CD74398-B3CC-4283-BD37-1ACB12CE8D68}.Release|Any CPU.ActiveCfg = Release|Any CPU
		{3CD74398-B3CC-4283-BD37-1ACB12CE8D68}.Release|Any CPU.Build.0 = Release|Any CPU
		{E7AAE61A-3F25-4B2C-A3BA-DDAD094DD80A}.Debug|Any CPU.ActiveCfg = Debug|Any CPU
		{E7AAE61A-3F25-4B2C-A3BA-DDAD094DD80A}.Debug|Any CPU.Build.0 = Debug|Any CPU
		{E7AAE61A-3F25-4B2C-A3BA-DDAD094DD80A}.Release|Any CPU.ActiveCfg = Release|Any CPU
		{E7AAE61A-3F25-4B2C-A3BA-DDAD094DD80A}.Release|Any CPU.Build.0 = Release|Any CPU
		{196CBFC7-6CDE-4AE6-A114-62EEAD6F69AE}.Debug|Any CPU.ActiveCfg = Debug|Any CPU
		{196CBFC7-6CDE-4AE6-A114-62EEAD6F69AE}.Debug|Any CPU.Build.0 = Debug|Any CPU
		{196CBFC7-6CDE-4AE6-A114-62EEAD6F69AE}.Release|Any CPU.ActiveCfg = Release|Any CPU
		{196CBFC7-6CDE-4AE6-A114-62EEAD6F69AE}.Release|Any CPU.Build.0 = Release|Any CPU
		{C7B862B2-EFD7-4BE5-9FE8-99E82E40982D}.Debug|Any CPU.ActiveCfg = Debug|Any CPU
		{C7B862B2-EFD7-4BE5-9FE8-99E82E40982D}.Debug|Any CPU.Build.0 = Debug|Any CPU
		{C7B862B2-EFD7-4BE5-9FE8-99E82E40982D}.Release|Any CPU.ActiveCfg = Release|Any CPU
		{C7B862B2-EFD7-4BE5-9FE8-99E82E40982D}.Release|Any CPU.Build.0 = Release|Any CPU
		{4074882D-28C0-40AE-B1ED-6948862B898D}.Debug|Any CPU.ActiveCfg = Debug|Any CPU
		{4074882D-28C0-40AE-B1ED-6948862B898D}.Debug|Any CPU.Build.0 = Debug|Any CPU
		{4074882D-28C0-40AE-B1ED-6948862B898D}.Release|Any CPU.ActiveCfg = Release|Any CPU
		{4074882D-28C0-40AE-B1ED-6948862B898D}.Release|Any CPU.Build.0 = Release|Any CPU
		{E3C6BC53-5718-42CF-903E-091ECAAED608}.Debug|Any CPU.ActiveCfg = Debug|Any CPU
		{E3C6BC53-5718-42CF-903E-091ECAAED608}.Debug|Any CPU.Build.0 = Debug|Any CPU
		{E3C6BC53-5718-42CF-903E-091ECAAED608}.Release|Any CPU.ActiveCfg = Release|Any CPU
		{E3C6BC53-5718-42CF-903E-091ECAAED608}.Release|Any CPU.Build.0 = Release|Any CPU
		{963A7F36-EE6D-45CD-8498-7B57829CEE62}.Debug|Any CPU.ActiveCfg = Debug|Any CPU
		{963A7F36-EE6D-45CD-8498-7B57829CEE62}.Debug|Any CPU.Build.0 = Debug|Any CPU
		{963A7F36-EE6D-45CD-8498-7B57829CEE62}.Release|Any CPU.ActiveCfg = Release|Any CPU
		{963A7F36-EE6D-45CD-8498-7B57829CEE62}.Release|Any CPU.Build.0 = Release|Any CPU
		{B7AE4A67-571C-4988-A35C-53A10E3CE13A}.Debug|Any CPU.ActiveCfg = Debug|Any CPU
		{B7AE4A67-571C-4988-A35C-53A10E3CE13A}.Debug|Any CPU.Build.0 = Debug|Any CPU
		{B7AE4A67-571C-4988-A35C-53A10E3CE13A}.Release|Any CPU.ActiveCfg = Release|Any CPU
		{B7AE4A67-571C-4988-A35C-53A10E3CE13A}.Release|Any CPU.Build.0 = Release|Any CPU
		{4EC407D9-F51E-4336-8D62-82795BF20A6B}.Debug|Any CPU.ActiveCfg = Debug|Any CPU
		{4EC407D9-F51E-4336-8D62-82795BF20A6B}.Debug|Any CPU.Build.0 = Debug|Any CPU
		{4EC407D9-F51E-4336-8D62-82795BF20A6B}.Release|Any CPU.ActiveCfg = Release|Any CPU
		{4EC407D9-F51E-4336-8D62-82795BF20A6B}.Release|Any CPU.Build.0 = Release|Any CPU
		{724F3030-B429-4945-A2C5-BCC11BC8B7C8}.Debug|Any CPU.ActiveCfg = Debug|Any CPU
		{724F3030-B429-4945-A2C5-BCC11BC8B7C8}.Debug|Any CPU.Build.0 = Debug|Any CPU
		{724F3030-B429-4945-A2C5-BCC11BC8B7C8}.Release|Any CPU.ActiveCfg = Release|Any CPU
		{724F3030-B429-4945-A2C5-BCC11BC8B7C8}.Release|Any CPU.Build.0 = Release|Any CPU
		{ADC2AE88-D9F9-4E49-9E94-7666E2C8726C}.Debug|Any CPU.ActiveCfg = Debug|Any CPU
		{ADC2AE88-D9F9-4E49-9E94-7666E2C8726C}.Debug|Any CPU.Build.0 = Debug|Any CPU
		{ADC2AE88-D9F9-4E49-9E94-7666E2C8726C}.Release|Any CPU.ActiveCfg = Release|Any CPU
		{ADC2AE88-D9F9-4E49-9E94-7666E2C8726C}.Release|Any CPU.Build.0 = Release|Any CPU
		{9235FEB7-25D6-431B-ABA5-260E737C0112}.Debug|Any CPU.ActiveCfg = Debug|Any CPU
		{9235FEB7-25D6-431B-ABA5-260E737C0112}.Debug|Any CPU.Build.0 = Debug|Any CPU
		{9235FEB7-25D6-431B-ABA5-260E737C0112}.Release|Any CPU.ActiveCfg = Release|Any CPU
		{9235FEB7-25D6-431B-ABA5-260E737C0112}.Release|Any CPU.Build.0 = Release|Any CPU
		{18E78D40-C4C6-4795-A08B-194B58BF3830}.Debug|Any CPU.ActiveCfg = Debug|Any CPU
		{18E78D40-C4C6-4795-A08B-194B58BF3830}.Debug|Any CPU.Build.0 = Debug|Any CPU
		{18E78D40-C4C6-4795-A08B-194B58BF3830}.Release|Any CPU.ActiveCfg = Release|Any CPU
		{18E78D40-C4C6-4795-A08B-194B58BF3830}.Release|Any CPU.Build.0 = Release|Any CPU
		{6CE345E3-BC3D-4FAE-9122-7A06F354A0A0}.Debug|Any CPU.ActiveCfg = Debug|Any CPU
		{6CE345E3-BC3D-4FAE-9122-7A06F354A0A0}.Debug|Any CPU.Build.0 = Debug|Any CPU
		{6CE345E3-BC3D-4FAE-9122-7A06F354A0A0}.Release|Any CPU.ActiveCfg = Release|Any CPU
		{6CE345E3-BC3D-4FAE-9122-7A06F354A0A0}.Release|Any CPU.Build.0 = Release|Any CPU
		{6B0FCF5E-5471-4536-AA27-33A87A878B36}.Debug|Any CPU.ActiveCfg = Debug|Any CPU
		{6B0FCF5E-5471-4536-AA27-33A87A878B36}.Debug|Any CPU.Build.0 = Debug|Any CPU
		{6B0FCF5E-5471-4536-AA27-33A87A878B36}.Release|Any CPU.ActiveCfg = Release|Any CPU
		{6B0FCF5E-5471-4536-AA27-33A87A878B36}.Release|Any CPU.Build.0 = Release|Any CPU
		{1754460F-906D-429A-ABE1-9496822385B2}.Debug|Any CPU.ActiveCfg = Debug|Any CPU
		{1754460F-906D-429A-ABE1-9496822385B2}.Debug|Any CPU.Build.0 = Debug|Any CPU
		{1754460F-906D-429A-ABE1-9496822385B2}.Release|Any CPU.ActiveCfg = Release|Any CPU
		{1754460F-906D-429A-ABE1-9496822385B2}.Release|Any CPU.Build.0 = Release|Any CPU
		{FE78FD5A-800B-4B56-A302-18B1A1EE002C}.Debug|Any CPU.ActiveCfg = Debug|Any CPU
		{FE78FD5A-800B-4B56-A302-18B1A1EE002C}.Debug|Any CPU.Build.0 = Debug|Any CPU
		{FE78FD5A-800B-4B56-A302-18B1A1EE002C}.Release|Any CPU.ActiveCfg = Release|Any CPU
		{FE78FD5A-800B-4B56-A302-18B1A1EE002C}.Release|Any CPU.Build.0 = Release|Any CPU
		{BBA97B6C-174F-4B86-8567-0A13F68BAFF7}.Debug|Any CPU.ActiveCfg = Debug|Any CPU
		{BBA97B6C-174F-4B86-8567-0A13F68BAFF7}.Debug|Any CPU.Build.0 = Debug|Any CPU
		{BBA97B6C-174F-4B86-8567-0A13F68BAFF7}.Release|Any CPU.ActiveCfg = Release|Any CPU
		{BBA97B6C-174F-4B86-8567-0A13F68BAFF7}.Release|Any CPU.Build.0 = Release|Any CPU
		{63037F0F-2139-41E4-987D-6235270666FC}.Debug|Any CPU.ActiveCfg = Debug|Any CPU
		{63037F0F-2139-41E4-987D-6235270666FC}.Debug|Any CPU.Build.0 = Debug|Any CPU
		{63037F0F-2139-41E4-987D-6235270666FC}.Release|Any CPU.ActiveCfg = Release|Any CPU
		{63037F0F-2139-41E4-987D-6235270666FC}.Release|Any CPU.Build.0 = Release|Any CPU
		{80430CB7-CDD6-489F-8484-90D6DD48F7AC}.Debug|Any CPU.ActiveCfg = Debug|Any CPU
		{80430CB7-CDD6-489F-8484-90D6DD48F7AC}.Debug|Any CPU.Build.0 = Debug|Any CPU
		{80430CB7-CDD6-489F-8484-90D6DD48F7AC}.Release|Any CPU.ActiveCfg = Release|Any CPU
		{80430CB7-CDD6-489F-8484-90D6DD48F7AC}.Release|Any CPU.Build.0 = Release|Any CPU
		{3C699883-DFD8-41E8-AE29-11145418D52F}.Debug|Any CPU.ActiveCfg = Debug|Any CPU
		{3C699883-DFD8-41E8-AE29-11145418D52F}.Debug|Any CPU.Build.0 = Debug|Any CPU
		{3C699883-DFD8-41E8-AE29-11145418D52F}.Release|Any CPU.ActiveCfg = Release|Any CPU
		{3C699883-DFD8-41E8-AE29-11145418D52F}.Release|Any CPU.Build.0 = Release|Any CPU
		{24689B79-6DAD-49EF-B6E3-18A3FE5E6F5C}.Debug|Any CPU.ActiveCfg = Debug|Any CPU
		{24689B79-6DAD-49EF-B6E3-18A3FE5E6F5C}.Debug|Any CPU.Build.0 = Debug|Any CPU
		{24689B79-6DAD-49EF-B6E3-18A3FE5E6F5C}.Release|Any CPU.ActiveCfg = Release|Any CPU
		{24689B79-6DAD-49EF-B6E3-18A3FE5E6F5C}.Release|Any CPU.Build.0 = Release|Any CPU
		{DE758224-54E0-4817-A3C7-D3C4D5720411}.Debug|Any CPU.ActiveCfg = Debug|Any CPU
		{DE758224-54E0-4817-A3C7-D3C4D5720411}.Debug|Any CPU.Build.0 = Debug|Any CPU
		{DE758224-54E0-4817-A3C7-D3C4D5720411}.Release|Any CPU.ActiveCfg = Release|Any CPU
		{DE758224-54E0-4817-A3C7-D3C4D5720411}.Release|Any CPU.Build.0 = Release|Any CPU
		{7F93BD69-2503-4AAE-87DA-4C187BAE6812}.Debug|Any CPU.ActiveCfg = Debug|Any CPU
		{7F93BD69-2503-4AAE-87DA-4C187BAE6812}.Debug|Any CPU.Build.0 = Debug|Any CPU
		{7F93BD69-2503-4AAE-87DA-4C187BAE6812}.Release|Any CPU.ActiveCfg = Release|Any CPU
		{7F93BD69-2503-4AAE-87DA-4C187BAE6812}.Release|Any CPU.Build.0 = Release|Any CPU
		{1C3F798B-A014-4C7A-B0B0-CDC1A23FC4ED}.Debug|Any CPU.ActiveCfg = Debug|Any CPU
		{1C3F798B-A014-4C7A-B0B0-CDC1A23FC4ED}.Debug|Any CPU.Build.0 = Debug|Any CPU
		{1C3F798B-A014-4C7A-B0B0-CDC1A23FC4ED}.Release|Any CPU.ActiveCfg = Release|Any CPU
		{1C3F798B-A014-4C7A-B0B0-CDC1A23FC4ED}.Release|Any CPU.Build.0 = Release|Any CPU
		{EF4FC49C-1189-4ADD-9891-1565CBCE8F8F}.Debug|Any CPU.ActiveCfg = Debug|Any CPU
		{EF4FC49C-1189-4ADD-9891-1565CBCE8F8F}.Debug|Any CPU.Build.0 = Debug|Any CPU
		{EF4FC49C-1189-4ADD-9891-1565CBCE8F8F}.Release|Any CPU.ActiveCfg = Release|Any CPU
		{EF4FC49C-1189-4ADD-9891-1565CBCE8F8F}.Release|Any CPU.Build.0 = Release|Any CPU
		{57E8DA29-F482-4DA0-9FDF-6E51D35E0153}.Debug|Any CPU.ActiveCfg = Debug|Any CPU
		{57E8DA29-F482-4DA0-9FDF-6E51D35E0153}.Debug|Any CPU.Build.0 = Debug|Any CPU
		{57E8DA29-F482-4DA0-9FDF-6E51D35E0153}.Release|Any CPU.ActiveCfg = Release|Any CPU
		{57E8DA29-F482-4DA0-9FDF-6E51D35E0153}.Release|Any CPU.Build.0 = Release|Any CPU
		{C23584A8-2A33-450A-8774-39E4012DB255}.Debug|Any CPU.ActiveCfg = Debug|Any CPU
		{C23584A8-2A33-450A-8774-39E4012DB255}.Debug|Any CPU.Build.0 = Debug|Any CPU
		{C23584A8-2A33-450A-8774-39E4012DB255}.Release|Any CPU.ActiveCfg = Release|Any CPU
		{C23584A8-2A33-450A-8774-39E4012DB255}.Release|Any CPU.Build.0 = Release|Any CPU
	EndGlobalSection
	GlobalSection(SolutionProperties) = preSolution
		HideSolutionNode = FALSE
	EndGlobalSection
	GlobalSection(NestedProjects) = preSolution
		{3CD74398-B3CC-4283-BD37-1ACB12CE8D68} = {4629BA7A-0E17-427E-8EA5-B86169DAAC25}
		{E7AAE61A-3F25-4B2C-A3BA-DDAD094DD80A} = {4629BA7A-0E17-427E-8EA5-B86169DAAC25}
		{196CBFC7-6CDE-4AE6-A114-62EEAD6F69AE} = {4629BA7A-0E17-427E-8EA5-B86169DAAC25}
		{C7B862B2-EFD7-4BE5-9FE8-99E82E40982D} = {4629BA7A-0E17-427E-8EA5-B86169DAAC25}
		{4074882D-28C0-40AE-B1ED-6948862B898D} = {4629BA7A-0E17-427E-8EA5-B86169DAAC25}
		{E3C6BC53-5718-42CF-903E-091ECAAED608} = {4629BA7A-0E17-427E-8EA5-B86169DAAC25}
		{963A7F36-EE6D-45CD-8498-7B57829CEE62} = {4629BA7A-0E17-427E-8EA5-B86169DAAC25}
		{B7AE4A67-571C-4988-A35C-53A10E3CE13A} = {4629BA7A-0E17-427E-8EA5-B86169DAAC25}
		{4EC407D9-F51E-4336-8D62-82795BF20A6B} = {4629BA7A-0E17-427E-8EA5-B86169DAAC25}
		{724F3030-B429-4945-A2C5-BCC11BC8B7C8} = {4629BA7A-0E17-427E-8EA5-B86169DAAC25}
		{ADC2AE88-D9F9-4E49-9E94-7666E2C8726C} = {4629BA7A-0E17-427E-8EA5-B86169DAAC25}
		{9235FEB7-25D6-431B-ABA5-260E737C0112} = {4629BA7A-0E17-427E-8EA5-B86169DAAC25}
		{18E78D40-C4C6-4795-A08B-194B58BF3830} = {4629BA7A-0E17-427E-8EA5-B86169DAAC25}
		{6CE345E3-BC3D-4FAE-9122-7A06F354A0A0} = {B883FD22-E4CE-43C3-B457-D3F5DEC91A72}
		{6B0FCF5E-5471-4536-AA27-33A87A878B36} = {B883FD22-E4CE-43C3-B457-D3F5DEC91A72}
		{1754460F-906D-429A-ABE1-9496822385B2} = {B883FD22-E4CE-43C3-B457-D3F5DEC91A72}
		{FE78FD5A-800B-4B56-A302-18B1A1EE002C} = {B883FD22-E4CE-43C3-B457-D3F5DEC91A72}
		{BBA97B6C-174F-4B86-8567-0A13F68BAFF7} = {B883FD22-E4CE-43C3-B457-D3F5DEC91A72}
		{63037F0F-2139-41E4-987D-6235270666FC} = {B883FD22-E4CE-43C3-B457-D3F5DEC91A72}
		{80430CB7-CDD6-489F-8484-90D6DD48F7AC} = {B883FD22-E4CE-43C3-B457-D3F5DEC91A72}
		{3C699883-DFD8-41E8-AE29-11145418D52F} = {AB315AB4-09FD-4058-977F-5076DA5936CD}
		{24689B79-6DAD-49EF-B6E3-18A3FE5E6F5C} = {C1AAA55F-7016-4CCD-9B11-6698682078EA}
		{DE758224-54E0-4817-A3C7-D3C4D5720411} = {C1AAA55F-7016-4CCD-9B11-6698682078EA}
		{7F93BD69-2503-4AAE-87DA-4C187BAE6812} = {C1AAA55F-7016-4CCD-9B11-6698682078EA}
		{1C3F798B-A014-4C7A-B0B0-CDC1A23FC4ED} = {C1AAA55F-7016-4CCD-9B11-6698682078EA}
		{EF4FC49C-1189-4ADD-9891-1565CBCE8F8F} = {2C7E8212-6CEC-42C2-9E07-323762CAB4C2}
		{57E8DA29-F482-4DA0-9FDF-6E51D35E0153} = {2C7E8212-6CEC-42C2-9E07-323762CAB4C2}
	EndGlobalSection
	GlobalSection(ExtensibilityGlobals) = postSolution
		SolutionGuid = {5E0B0830-FC49-4C69-9CB5-F3EBE4E7E3CD}
	EndGlobalSection
EndGlobal
